
Microsoft Visual Studio Solution File, Format Version 12.00
# Visual Studio Version 16
VisualStudioVersion = 16.0.29613.14
MinimumVisualStudioVersion = 10.0.40219.1
Project("{9A19103F-16F7-4668-BE54-9A1E7A4F7556}") = "LibraryManagement", "LibraryManagement\LibraryManagement.csproj", "{EC74779C-D6DA-40B0-B283-28485D3A7830}"
EndProject
Project("{FAE04EC0-301F-11D3-BF4B-00C04F79EFBC}") = "LibraryManagementData", "LibraryManagementData\LibraryManagementData.csproj", "{FAE91794-F391-45E5-BE77-25CA73B00CAD}"
EndProject
Global
	GlobalSection(SolutionConfigurationPlatforms) = preSolution
		Debug|Any CPU = Debug|Any CPU
		Release|Any CPU = Release|Any CPU
	EndGlobalSection
	GlobalSection(ProjectConfigurationPlatforms) = postSolution
		{EC74779C-D6DA-40B0-B283-28485D3A7830}.Debug|Any CPU.ActiveCfg = Debug|Any CPU
		{EC74779C-D6DA-40B0-B283-28485D3A7830}.Debug|Any CPU.Build.0 = Debug|Any CPU
		{EC74779C-D6DA-40B0-B283-28485D3A7830}.Release|Any CPU.ActiveCfg = Release|Any CPU
		{EC74779C-D6DA-40B0-B283-28485D3A7830}.Release|Any CPU.Build.0 = Release|Any CPU
		{FAE91794-F391-45E5-BE77-25CA73B00CAD}.Debug|Any CPU.ActiveCfg = Debug|Any CPU
		{FAE91794-F391-45E5-BE77-25CA73B00CAD}.Debug|Any CPU.Build.0 = Debug|Any CPU
		{FAE91794-F391-45E5-BE77-25CA73B00CAD}.Release|Any CPU.ActiveCfg = Release|Any CPU
		{FAE91794-F391-45E5-BE77-25CA73B00CAD}.Release|Any CPU.Build.0 = Release|Any CPU
	EndGlobalSection
	GlobalSection(SolutionProperties) = preSolution
		HideSolutionNode = FALSE
	EndGlobalSection
	GlobalSection(ExtensibilityGlobals) = postSolution
		SolutionGuid = {E30F64B8-2A3E-48BF-8BCA-31893C77F712}
	EndGlobalSection
EndGlobal
